{
    "version": 3,
    "terraform_version": "0.11.8",
    "serial": 3,
    "lineage": "914839fc-3170-7af3-9e36-9c283f677874",
    "modules": [
        {
            "path": [
                "root"
            ],
            "outputs": {},
            "resources": {
                "aws_subnet.enyota": {
                    "type": "aws_subnet",
                    "depends_on": [
                        "aws_vpc.New_VPC"
                    ],
                    "primary": {
                        "id": "subnet-0ecb2652fa95286ad",
                        "attributes": {
                            "arn": "arn:aws:ec2:us-east-1:365893553777:subnet/subnet-0ecb2652fa95286ad",
                            "assign_ipv6_address_on_creation": "false",
                            "availability_zone": "us-east-1f",
                            "cidr_block": "10.0.1.0/24",
                            "id": "subnet-0ecb2652fa95286ad",
                            "map_public_ip_on_launch": "false",
                            "tags.%": "1",
                            "tags.Name": "enyota",
                            "vpc_id": "vpc-0c2656543623f111d"
                        },
                        "meta": {
                            "schema_version": "1"
                        },
                        "tainted": false
                    },
                    "deposed": [],
                    "provider": "provider.aws"
                },
                "aws_vpc.New_VPC": {
                    "type": "aws_vpc",
                    "depends_on": [],
                    "primary": {
                        "id": "vpc-0c2656543623f111d",
                        "attributes": {
                            "arn": "arn:aws:ec2:us-east-1:365893553777:vpc/vpc-0c2656543623f111d",
                            "assign_generated_ipv6_cidr_block": "false",
                            "cidr_block": "10.0.0.0/16",
                            "default_network_acl_id": "acl-0c11ad925a4ed2587",
                            "default_route_table_id": "rtb-09c011cd6605bd4cd",
                            "default_security_group_id": "sg-0638a3011d78ab367",
                            "dhcp_options_id": "dopt-9bf709e3",
                            "enable_classiclink": "false",
                            "enable_classiclink_dns_support": "false",
                            "enable_dns_hostnames": "true",
                            "enable_dns_support": "true",
                            "id": "vpc-0c2656543623f111d",
                            "instance_tenancy": "default",
                            "main_route_table_id": "rtb-09c011cd6605bd4cd",
                            "tags.%": "1",
                            "tags.Name": "New_VPC"
                        },
                        "meta": {
                            "schema_version": "1"
                        },
                        "tainted": false
                    },
                    "deposed": [],
                    "provider": "provider.aws"
                }
            },
            "depends_on": []
        }
    ]
}
